
Microsoft Visual Studio Solution File, Format Version 12.00
# Visual Studio Version 17
VisualStudioVersion = 17.5.33414.496
MinimumVisualStudioVersion = 10.0.40219.1
Project("{9A19103F-16F7-4668-BE54-9A1E7A4F7556}") = "Enthapy", "Enthapy.csproj", "{B53936EA-26F9-4953-A291-1CE9D89AD164}"
EndProject
Global
	GlobalSection(SolutionConfigurationPlatforms) = preSolution
		Debug|Any CPU = Debug|Any CPU
		Debug|x64 = Debug|x64
		Release|Any CPU = Release|Any CPU
		Release|x64 = Release|x64
	EndGlobalSection
	GlobalSection(ProjectConfigurationPlatforms) = postSolution
		{B53936EA-26F9-4953-A291-1CE9D89AD164}.Debug|Any CPU.ActiveCfg = Debug|Any CPU
		{B53936EA-26F9-4953-A291-1CE9D89AD164}.Debug|Any CPU.Build.0 = Debug|Any CPU
		{B53936EA-26F9-4953-A291-1CE9D89AD164}.Debug|x64.ActiveCfg = Debug|x64
		{B53936EA-26F9-4953-A291-1CE9D89AD164}.Debug|x64.Build.0 = Debug|x64
		{B53936EA-26F9-4953-A291-1CE9D89AD164}.Release|Any CPU.ActiveCfg = Release|Any CPU
		{B53936EA-26F9-4953-A291-1CE9D89AD164}.Release|Any CPU.Build.0 = Release|Any CPU
		{B53936EA-26F9-4953-A291-1CE9D89AD164}.Release|x64.ActiveCfg = Release|x64
		{B53936EA-26F9-4953-A291-1CE9D89AD164}.Release|x64.Build.0 = Release|x64
	EndGlobalSection
	GlobalSection(SolutionProperties) = preSolution
		HideSolutionNode = FALSE
	EndGlobalSection
	GlobalSection(ExtensibilityGlobals) = postSolution
		SolutionGuid = {E29CDDC0-0573-4CED-B669-B4D7095224CE}
	EndGlobalSection
EndGlobal
